
Microsoft Visual Studio Solution File, Format Version 12.00
# Visual Studio 15
VisualStudioVersion = 15.0.28307.168
MinimumVisualStudioVersion = 10.0.40219.1
Project("{FAE04EC0-301F-11D3-BF4B-00C04F79EFBC}") = "tut_ASPNET_Core_22_MVC_EF_Angular7", "tut_ASPNET_Core_22_MVC_EF_Angular7\tut_ASPNET_Core_22_MVC_EF_Angular7.csproj", "{49370CA3-BCA9-4B7B-9BD0-13F0A2C32C84}"
EndProject
Global
	GlobalSection(SolutionConfigurationPlatforms) = preSolution
		Debug|Any CPU = Debug|Any CPU
		Release|Any CPU = Release|Any CPU
	EndGlobalSection
	GlobalSection(ProjectConfigurationPlatforms) = postSolution
		{49370CA3-BCA9-4B7B-9BD0-13F0A2C32C84}.Debug|Any CPU.ActiveCfg = Debug|Any CPU
		{49370CA3-BCA9-4B7B-9BD0-13F0A2C32C84}.Debug|Any CPU.Build.0 = Debug|Any CPU
		{49370CA3-BCA9-4B7B-9BD0-13F0A2C32C84}.Release|Any CPU.ActiveCfg = Release|Any CPU
		{49370CA3-BCA9-4B7B-9BD0-13F0A2C32C84}.Release|Any CPU.Build.0 = Release|Any CPU
	EndGlobalSection
	GlobalSection(SolutionProperties) = preSolution
		HideSolutionNode = FALSE
	EndGlobalSection
	GlobalSection(ExtensibilityGlobals) = postSolution
		SolutionGuid = {CFE3D1A2-677A-4E84-A8C9-14FAE12C169C}
	EndGlobalSection
EndGlobal
